{
  "name": "sebs.github.io",
  "version": "1.0.0",
  "lockfileVersion": 3,
  "requires": true,
  "packages": {
    "": {
      "name": "sebs.github.io",
      "version": "1.0.0",
      "license": "ISC",
      "devDependencies": {
        "@carbon/styles": "^1.114.0"
      }
    },
    "node_modules/@carbon/colors": {
      "version": "11.57.0",
      "resolved": "https://registry.npmjs.org/@carbon/colors/-/colors-11.57.0.tgz",
      "integrity": "sha512-ji8xOBiCzCmeR/Pg/rDbnViVYDnjSVWRclylQKqeAQNUIsfIWDB69xq/o33lba3vVccVDNrGcGkrVg5My0Ct7g==",
      "dev": true,
      "hasInstallScript": true,
      "license": "Apache-2.0",
      "dependencies": {
        "@ibm/telemetry-js": "^1.5.0"
      }
    },
    "node_modules/@carbon/feature-flags": {
      "version": "1.8.0",
      "resolved": "https://registry.npmjs.org/@carbon/feature-flags/-/feature-flags-1.8.0.tgz",
      "integrity": "sha512-bgdo6JRkG4yBOG58n+qlbBp3qzYrTZ33EEthNQY/ACsZm9gNUlxA7xOwesbNjryzAp4r5s9mKF4ZA6cackLnbQ==",
      "dev": true,
      "hasInstallScript": true,
      "license": "Apache-2.0",
      "dependencies": {
        "@ibm/telemetry-js": "^1.5.0"
      }
    },
    "node_modules/@carbon/grid": {
      "version": "11.61.0",
      "resolved": "https://registry.npmjs.org/@carbon/grid/-/grid-11.61.0.tgz",
      "integrity": "sha512-kY6Zwi15kpdbT/RM8M7QciK5BVZhb0cEepvoP2uT0a04yTio4QMc8BZxIvXXMi8vf48AowUNkxbhYk8KlAf7EQ==",
      "dev": true,
      "hasInstallScript": true,
      "license": "Apache-2.0",
      "dependencies": {
        "@carbon/layout": "^11.58.0",
        "@ibm/telemetry-js": "^1.5.0"
      }
    },
    "node_modules/@carbon/layout": {
      "version": "11.58.0",
      "resolved": "https://registry.npmjs.org/@carbon/layout/-/layout-11.58.0.tgz",
      "integrity": "sha512-rVqN9tbpDD0rmyrCldAK2xUSjtusEOCxZqazuWgYFrusGsIpkQJ3ROmdHPkMfIgrpIaSr/RBGDbXXea/Qw7yJQ==",
      "dev": true,
      "hasInstallScript": true,
      "license": "Apache-2.0",
      "dependencies": {
        "@ibm/telemetry-js": "^1.5.0"
      }
    },
    "node_modules/@carbon/motion": {
      "version": "11.51.0",
      "resolved": "https://registry.npmjs.org/@carbon/motion/-/motion-11.51.0.tgz",
      "integrity": "sha512-Is/lRo5iCw6XjQ8y4kXl2BepMJqZBYHVrlEnwyd0PJei+qhmTgpFJFSjUwdj9vRGUwPcWbcxEmY1aWa1gK2Rgw==",
      "dev": true,
      "hasInstallScript": true,
      "license": "Apache-2.0",
      "dependencies": {
        "@ibm/telemetry-js": "^1.5.0"
      }
    },
    "node_modules/@carbon/styles": {
      "version": "1.114.0",
      "resolved": "https://registry.npmjs.org/@carbon/styles/-/styles-1.114.0.tgz",
      "integrity": "sha512-795Z4PO2Tu/nuwFY0HGu2HTZTrKagaCSYf5ILOn/7hcmM+88R8BrNFZC961kxXitZv3RXmY0wV/oqqJ4scOQYA==",
      "dev": true,
      "hasInstallScript": true,
      "license": "Apache-2.0",
      "dependencies": {
        "@carbon/colors": "^11.57.0",
        "@carbon/feature-flags": "^1.8.0",
        "@carbon/grid": "^11.61.0",
        "@carbon/layout": "^11.58.0",
        "@carbon/motion": "^11.51.0",
        "@carbon/themes": "^11.80.0",
        "@carbon/type": "^11.66.0",
        "@ibm/plex": "6.4.1",
        "@ibm/plex-mono": "2.5.0",
        "@ibm/plex-sans": "1.1.0",
        "@ibm/plex-sans-arabic": "1.1.0",
        "@ibm/plex-sans-devanagari": "1.1.0",
        "@ibm/plex-sans-hebrew": "1.1.0",
        "@ibm/plex-sans-thai": "1.1.0",
        "@ibm/plex-sans-thai-looped": "1.1.0",
        "@ibm/plex-serif": "2.0.0",
        "@ibm/telemetry-js": "^1.5.0"
      },
      "peerDependencies": {
        "sass": "^1.33.0"
      },
      "peerDependenciesMeta": {
        "sass": {
          "optional": true
        }
      }
    },
    "node_modules/@carbon/themes": {
      "version": "11.80.0",
      "resolved": "https://registry.npmjs.org/@carbon/themes/-/themes-11.80.0.tgz",
      "integrity": "sha512-SqtfqwReq1SRrBoC121Bllrh0DvW2j/LWFo/zVn+lblh+AJlLZsmeBC9oyxphpp8GpHfLhjmeg1J2hfs0AVX4A==",
      "dev": true,
      "hasInstallScript": true,
      "license": "Apache-2.0",
      "dependencies": {
        "@carbon/colors": "^11.57.0",
        "@carbon/layout": "^11.58.0",
        "@carbon/type": "^11.66.0",
        "@ibm/telemetry-js": "^1.5.0",
        "color": "^4.0.0"
      },
      "engines": {
        "node": ">=22"
      }
    },
    "node_modules/@carbon/type": {
      "version": "11.66.0",
      "resolved": "https://registry.npmjs.org/@carbon/type/-/type-11.66.0.tgz",
      "integrity": "sha512-8y9WtdXqqKAGnOyZvkRP7jqqQe+WcdRQDfsgOcpusszIoSBSVs2dv4gEwHjMYmzansLhsCUBNocSfWNFhkVDOg==",
      "dev": true,
      "hasInstallScript": true,
      "license": "Apache-2.0",
      "dependencies": {
        "@carbon/grid": "^11.61.0",
        "@carbon/layout": "^11.58.0",
        "@ibm/telemetry-js": "^1.5.0"
      }
    },
    "node_modules/@ibm/plex": {
      "version": "6.4.1",
      "resolved": "https://registry.npmjs.org/@ibm/plex/-/plex-6.4.1.tgz",
      "integrity": "sha512-fnsipQywHt3zWvsnlyYKMikcVI7E2fEwpiPnIHFqlbByXVfQfANAAeJk1IV4mNnxhppUIDlhU0TzwYwL++Rn2g==",
      "dev": true,
      "hasInstallScript": true,
      "license": "OFL-1.1",
      "dependencies": {
        "@ibm/telemetry-js": "^1.5.1"
      }
    },
    "node_modules/@ibm/plex-mono": {
      "version": "2.5.0",
      "resolved": "https://registry.npmjs.org/@ibm/plex-mono/-/plex-mono-2.5.0.tgz",
      "integrity": "sha512-STBJIPxPomOYPmBMO7z5TKPJUotAF9u3gAUumTqVgwgrAO+K4FRNh0MlhsoJjKhJKsMbBJR10/bk4inkj/wc1w==",
      "dev": true,
      "hasInstallScript": true,
      "license": "OFL-1.1",
      "dependencies": {
        "@ibm/telemetry-js": "^1.6.1"
      }
    },
    "node_modules/@ibm/plex-sans": {
      "version": "1.1.0",
      "resolved": "https://registry.npmjs.org/@ibm/plex-sans/-/plex-sans-1.1.0.tgz",
      "integrity": "sha512-WPgvO6Yfj2w5YbhyAr1tv95RUz4LRJlqN+CmYvBglabXteufP1D1E9BABMde+ZIKdRbFJDoKF5eQzfhpnbgZcQ==",
      "dev": true,
      "hasInstallScript": true,
      "license": "OFL-1.1",
      "dependencies": {
        "@ibm/telemetry-js": "^1.6.1"
      }
    },
    "node_modules/@ibm/plex-sans-arabic": {
      "version": "1.1.0",
      "resolved": "https://registry.npmjs.org/@ibm/plex-sans-arabic/-/plex-sans-arabic-1.1.0.tgz",
      "integrity": "sha512-u8wIS6szLAOFvlBjCFZmtpKIqbhuIuniG2N0J+sio8vV6INH58hP0t0QNYrSl9SZtCv2Fwb4oQGuZJY3kJ4+QA==",
      "dev": true,
      "hasInstallScript": true,
      "license": "OFL-1.1",
      "dependencies": {
        "@ibm/telemetry-js": "^1.6.1"
      }
    },
    "node_modules/@ibm/plex-sans-devanagari": {
      "version": "1.1.0",
      "resolved": "https://registry.npmjs.org/@ibm/plex-sans-devanagari/-/plex-sans-devanagari-1.1.0.tgz",
      "integrity": "sha512-IVNV9NxXZDzcGZRao/xj+kiFwkdLkcw5vNiKwY8wEzzkpjApXJnPhJ0a7mIKNAh8oIadTIF68+iGtzRKK3nXAQ==",
      "dev": true,
      "hasInstallScript": true,
      "license": "OFL-1.1",
      "dependencies": {
        "@ibm/telemetry-js": "^1.6.1"
      }
    },
    "node_modules/@ibm/plex-sans-hebrew": {
      "version": "1.1.0",
      "resolved": "https://registry.npmjs.org/@ibm/plex-sans-hebrew/-/plex-sans-hebrew-1.1.0.tgz",
      "integrity": "sha512-iix0rLpUD0E8dE8q+/t3B7u1or7h6gEzoy6TK9NwP41AN31WE55f2cFwQAXomBDwr0Ozc9sHYy97NutEukZXzQ==",
      "dev": true,
      "hasInstallScript": true,
      "license": "OFL-1.1",
      "dependencies": {
        "@ibm/telemetry-js": "^1.6.1"
      }
    },
    "node_modules/@ibm/plex-sans-thai": {
      "version": "1.1.0",
      "resolved": "https://registry.npmjs.org/@ibm/plex-sans-thai/-/plex-sans-thai-1.1.0.tgz",
      "integrity": "sha512-vk7IrjdO69eEElJpFBppCha/wvU48DFyVuDewcfIf5L6Z11s0vbROANCvKipVPRUz1LE4ron8KoitWGcl3AlfA==",
      "dev": true,
      "hasInstallScript": true,
      "license": "OFL-1.1",
      "dependencies": {
        "@ibm/telemetry-js": "^1.6.1"
      }
    },
    "node_modules/@ibm/plex-sans-thai-looped": {
      "version": "1.1.0",
      "resolved": "https://registry.npmjs.org/@ibm/plex-sans-thai-looped/-/plex-sans-thai-looped-1.1.0.tgz",
      "integrity": "sha512-9zbDGzmtscHgBRTF88y3/92zQx6lmKjz5ZxhgcljilwOpj08BAytDc3mzUl9XGUh+DmOMl0Ql1lk6ecsEYYg2w==",
      "dev": true,
      "hasInstallScript": true,
      "license": "OFL-1.1",
      "dependencies": {
        "@ibm/telemetry-js": "^1.6.1"
      }
    },
    "node_modules/@ibm/plex-serif": {
      "version": "2.0.0",
      "resolved": "https://registry.npmjs.org/@ibm/plex-serif/-/plex-serif-2.0.0.tgz",
      "integrity": "sha512-xVu9JsC18tBoQF2M6fofpsWrHj5a94saxlOZbYmXoC0E3UfjgS1JlibgrnaUJjnkLlEyCpMgI2PdhkDxijw0gA==",
      "dev": true,
      "hasInstallScript": true,
      "license": "OFL-1.1",
      "dependencies": {
        "@ibm/telemetry-js": "^1.6.1"
      }
    },
    "node_modules/@ibm/telemetry-js": {
      "version": "1.11.0",
      "resolved": "https://registry.npmjs.org/@ibm/telemetry-js/-/telemetry-js-1.11.0.tgz",
      "integrity": "sha512-RO/9j+URJnSfseWg9ZkEX9p+a3Ousd33DBU7rOafoZB08RqdzxFVYJ2/iM50dkBuD0o7WX7GYt1sLbNgCoE+pA==",
      "dev": true,
      "license": "Apache-2.0",
      "bin": {
        "ibmtelemetry": "dist/collect.js"
      }
    },
    "node_modules/color": {
      "version": "4.2.3",
      "resolved": "https://registry.npmjs.org/color/-/color-4.2.3.tgz",
      "integrity": "sha512-1rXeuUUiGGrykh+CeBdu5Ie7OJwinCgQY0bc7GCRxy5xVHy+moaqkpL/jqQq0MtQOeYcrqEz4abc5f0KtU7W4A==",
      "dev": true,
      "license": "MIT",
      "dependencies": {
        "color-convert": "^2.0.1",
        "color-string": "^1.9.0"
      },
      "engines": {
        "node": ">=12.5.0"
      }
    },
    "node_modules/color-convert": {
      "version": "2.0.1",
      "resolved": "https://registry.npmjs.org/color-convert/-/color-convert-2.0.1.tgz",
      "integrity": "sha512-RRECPsj7iu/xb5oKYcsFHSppFNnsj/52OVTRKb4zP5onXwVF3zVmmToNcOfGC+CRDpfK/U584fMg38ZHCaElKQ==",
      "dev": true,
      "license": "MIT",
      "dependencies": {
        "color-name": "~1.1.4"
      },
      "engines": {
        "node": ">=7.0.0"
      }
    },
    "node_modules/color-name": {
      "version": "1.1.4",
      "resolved": "https://registry.npmjs.org/color-name/-/color-name-1.1.4.tgz",
      "integrity": "sha512-dOy+3AuW3a2wNbZHIuMZpTcgjGuLU/uBL/ubcZF9OXbDo8ff4O8yVp5Bf0efS8uEoYo5q4Fx7dY9OgQGXgAsQA==",
      "dev": true,
      "license": "MIT"
    },
    "node_modules/color-string": {
      "version": "1.9.1",
      "resolved": "https://registry.npmjs.org/color-string/-/color-string-1.9.1.tgz",
      "integrity": "sha512-shrVawQFojnZv6xM40anx4CkoDP+fZsw/ZerEMsW/pyzsRbElpsL/DBVW7q3ExxwusdNXI3lXpuhEZkzs8p5Eg==",
      "dev": true,
      "license": "MIT",
      "dependencies": {
        "color-name": "^1.0.0",
        "simple-swizzle": "^0.2.2"
      }
    },
    "node_modules/is-arrayish": {
      "version": "0.3.4",
      "resolved": "https://registry.npmjs.org/is-arrayish/-/is-arrayish-0.3.4.tgz",
      "integrity": "sha512-m6UrgzFVUYawGBh1dUsWR5M2Clqic9RVXC/9f8ceNlv2IcO9j9J/z8UoCLPqtsPBFNzEpfR3xftohbfqDx8EQA==",
      "dev": true,
      "license": "MIT"
    },
    "node_modules/simple-swizzle": {
      "version": "0.2.4",
      "resolved": "https://registry.npmjs.org/simple-swizzle/-/simple-swizzle-0.2.4.tgz",
      "integrity": "sha512-nAu1WFPQSMNr2Zn9PGSZK9AGn4t/y97lEm+MXTtUDwfP0ksAIX4nO+6ruD9Jwut4C49SB1Ws+fbXsm/yScWOHw==",
      "dev": true,
      "license": "MIT",
      "dependencies": {
        "is-arrayish": "^0.3.1"
      }
    }
  }
}
